version = 1
revision = 3
requires-python = ">=3.12.3"

[[package]]
name = "jmespath"
version = "1.1.0"
source = { registry = "https://pypi.org/simple" }
sdist = { url = "https://files.pythonhosted.org/packages/d3/59/322338183ecda247fb5d1763a6cbe46eff7222eaeebafd9fa65d4bf5cb11/jmespath-1.1.0.tar.gz", hash = "sha256:472c87d80f36026ae83c6ddd0f1d05d4e510134ed462851fd5f754c8c3cbb88d", size = 27377, upload-time = "2026-01-22T16:35:26.279Z" }
wheels = [
    { url = "https://files.pythonhosted.org/packages/14/2f/967ba146e6d58cf6a652da73885f52fc68001525b4197effc174321d70b4/jmespath-1.1.0-py3-none-any.whl", hash = "sha256:a5663118de4908c91729bea0acadca56526eb2698e83de10cd116ae0f4e97c64", size = 20419, upload-time = "2026-01-22T16:35:24.919Z" },
]

[[package]]
name = "jslt"
source = { editable = "." }
dependencies = [
    { name = "jmespath" },
    { name = "simpleeval" },
]

[package.metadata]
requires-dist = [
    { name = "jmespath", specifier = ">=1.1.0" },
    { name = "simpleeval", specifier = ">=1.0.7" },
]

[[package]]
name = "simpleeval"
version = "1.0.7"
source = { registry = "https://pypi.org/simple" }
sdist = { url = "https://files.pythonhosted.org/packages/b4/9d/e7c9309940794dd3073cba2e5101df5874d84243595ce63b1e1c8f9b9c76/simpleeval-1.0.7.tar.gz", hash = "sha256:1e10e5f9fec597814444e20c0892ed15162fa214c8a88f434b5b077cf2fef85b", size = 30250, upload-time = "2026-03-16T10:53:03.464Z" }
wheels = [
    { url = "https://files.pythonhosted.org/packages/0f/2f/f32aa85591882378bb43caa09363f3ed97df399369a5144c7f19f2275bc0/simpleeval-1.0.7-py3-none-any.whl", hash = "sha256:97ac271bfd8f2af9e7b9a36ceea67617f26fa873f9d5ae1922f64d4c1442534b", size = 18792, upload-time = "2026-03-16T10:53:02.103Z" },
]
